
Microsoft Visual Studio Solution File, Format Version 12.00
# Visual Studio Version 17
VisualStudioVersion = 17.11.35222.181
MinimumVisualStudioVersion = 10.0.40219.1
Project("{FAE04EC0-301F-11D3-BF4B-00C04F79EFBC}") = "EmployeeWebAPI", "EmployeeWebAPI\EmployeeWebAPI.csproj", "{22784808-B189-4494-A194-36F2AE033AFF}"
EndProject
Global
	GlobalSection(SolutionConfigurationPlatforms) = preSolution
		Debug|Any CPU = Debug|Any CPU
		Release|Any CPU = Release|Any CPU
	EndGlobalSection
	GlobalSection(ProjectConfigurationPlatforms) = postSolution
		{22784808-B189-4494-A194-36F2AE033AFF}.Debug|Any CPU.ActiveCfg = Debug|Any CPU
		{22784808-B189-4494-A194-36F2AE033AFF}.Debug|Any CPU.Build.0 = Debug|Any CPU
		{22784808-B189-4494-A194-36F2AE033AFF}.Release|Any CPU.ActiveCfg = Release|Any CPU
		{22784808-B189-4494-A194-36F2AE033AFF}.Release|Any CPU.Build.0 = Release|Any CPU
	EndGlobalSection
	GlobalSection(SolutionProperties) = preSolution
		HideSolutionNode = FALSE
	EndGlobalSection
	GlobalSection(ExtensibilityGlobals) = postSolution
		SolutionGuid = {E9E1A53B-D001-4726-8E6C-07435CAEA452}
	EndGlobalSection
EndGlobal
